// !$*UTF8*$!
{
	archiveVersion = 1;
	classes = {
	};
	objectVersion = 50;
	objects = {

/* Begin PBXBuildFile section */
		1D9AB3E5243BFDEF00AB2FFA /* AppDelegate.swift in Sources */ = {isa = PBXBuildFile; fileRef = 1D9AB3E4243BFDEF00AB2FFA /* AppDelegate.swift */; };
		1D9AB3E7243BFDEF00AB2FFA /* SceneDelegate.swift in Sources */ = {isa = PBXBuildFile; fileRef = 1D9AB3E6243BFDEF00AB2FFA /* SceneDelegate.swift */; };
		1D9AB3E9243BFDEF00AB2FFA /* ContentView.swift in Sources */ = {isa = PBXBuildFile; fileRef = 1D9AB3E8243BFDEF00AB2FFA /* ContentView.swift */; };
		1D9AB3EB243BFDF200AB2FFA /* Assets.xcassets in Resources */ = {isa = PBXBuildFile; fileRef = 1D9AB3EA243BFDF200AB2FFA /* Assets.xcassets */; };
		1D9AB3EE243BFDF200AB2FFA /* Preview Assets.xcassets in Resources */ = {isa = PBXBuildFile; fileRef = 1D9AB3ED243BFDF200AB2FFA /* Preview Assets.xcassets */; };
		1D9AB3F1243BFDF200AB2FFA /* LaunchScreen.storyboard in Resources */ = {isa = PBXBuildFile; fileRef = 1D9AB3EF243BFDF200AB2FFA /* LaunchScreen.storyboard */; };
		1D9AB3FC243BFDF200AB2FFA /* ToDoAppTests.swift in Sources */ = {isa = PBXBuildFile; fileRef = 1D9AB3FB243BFDF200AB2FFA /* ToDoAppTests.swift */; };
		1D9AB407243BFDF200AB2FFA /* ToDoAppUITests.swift in Sources */ = {isa = PBXBuildFile; fileRef = 1D9AB406243BFDF200AB2FFA /* ToDoAppUITests.swift */; };
		1D9AB41B243C010100AB2FFA /* TaskFiles.swift in Sources */ = {isa = PBXBuildFile; fileRef = 1D9AB41A243C010100AB2FFA /* TaskFiles.swift */; };
/* End PBXBuildFile section */

/* Begin PBXContainerItemProxy section */
		1D9AB3F8243BFDF200AB2FFA /* PBXContainerItemProxy */ = {
			isa = PBXContainerItemProxy;
			containerPortal = 1D9AB3D9243BFDEF00AB2FFA /* Project object */;
			proxyType = 1;
			remoteGlobalIDString = 1D9AB3E0243BFDEF00AB2FFA;
			remoteInfo = ToDoApp;
		};
		1D9AB403243BFDF200AB2FFA /* PBXContainerItemProxy */ = {
			isa = PBXContainerItemProxy;
			containerPortal = 1D9AB3D9243BFDEF00AB2FFA /* Project object */;
			proxyType = 1;
			remoteGlobalIDString = 1D9AB3E0243BFDEF00AB2FFA;
			remoteInfo = ToDoApp;
		};
/* End PBXContainerItemProxy section */

/* Begin PBXFileReference section */
		1D9AB3E1243BFDEF00AB2FFA /* ToDoApp.app */ = {isa = PBXFileReference; explicitFileType = wrapper.application; includeInIndex = 0; path = ToDoApp.app; sourceTree = BUILT_PRODUCTS_DIR; };
		1D9AB3E4243BFDEF00AB2FFA /* AppDelegate.swift */ = {isa = PBXFileReference; lastKnownFileType = sourcecode.swift; path = AppDelegate.swift; sourceTree = "<group>"; };
		1D9AB3E6243BFDEF00AB2FFA /* SceneDelegate.swift */ = {isa = PBXFileReference; lastKnownFileType = sourcecode.swift; path = SceneDelegate.swift; sourceTree = "<group>"; };
		1D9AB3E8243BFDEF00AB2FFA /* ContentView.swift */ = {isa = PBXFileReference; lastKnownFileType = sourcecode.swift; path = ContentView.swift; sourceTree = "<group>"; };
		1D9AB3EA243BFDF200AB2FFA /* Assets.xcassets */ = {isa = PBXFileReference; lastKnownFileType = folder.assetcatalog; path = Assets.xcassets; sourceTree = "<group>"; };
		1D9AB3ED243BFDF200AB2FFA /* Preview Assets.xcassets */ = {isa = PBXFileReference; lastKnownFileType = folder.assetcatalog; path = "Preview Assets.xcassets"; sourceTree = "<group>"; };
		1D9AB3F0243BFDF200AB2FFA /* Base */ = {isa = PBXFileReference; lastKnownFileType = file.storyboard; name = Base; path = Base.lproj/LaunchScreen.storyboard; sourceTree = "<group>"; };
		1D9AB3F2243BFDF200AB2FFA /* Info.plist */ = {isa = PBXFileReference; lastKnownFileType = text.plist.xml; path = Info.plist; sourceTree = "<group>"; };
		1D9AB3F7243BFDF200AB2FFA /* ToDoAppTests.xctest */ = {isa = PBXFileReference; explicitFileType = wrapper.cfbundle; includeInIndex = 0; path = ToDoAppTests.xctest; sourceTree = BUILT_PRODUCTS_DIR; };
		1D9AB3FB243BFDF200AB2FFA /* ToDoAppTests.swift */ = {isa = PBXFileReference; lastKnownFileType = sourcecode.swift; path = ToDoAppTests.swift; sourceTree = "<group>"; };
		1D9AB3FD243BFDF200AB2FFA /* Info.plist */ = {isa = PBXFileReference; lastKnownFileType = text.plist.xml; path = Info.plist; sourceTree = "<group>"; };
		1D9AB402243BFDF200AB2FFA /* ToDoAppUITests.xctest */ = {isa = PBXFileReference; explicitFileType = wrapper.cfbundle; includeInIndex = 0; path = ToDoAppUITests.xctest; sourceTree = BUILT_PRODUCTS_DIR; };
		1D9AB406243BFDF200AB2FFA /* ToDoAppUITests.swift */ = {isa = PBXFileReference; lastKnownFileType = sourcecode.swift; path = ToDoAppUITests.swift; sourceTree = "<group>"; };
		1D9AB408243BFDF200AB2FFA /* Info.plist */ = {isa = PBXFileReference; lastKnownFileType = text.plist.xml; path = Info.plist; sourceTree = "<group>"; };
		1D9AB41A243C010100AB2FFA /* TaskFiles.swift */ = {isa = PBXFileReference; lastKnownFileType = sourcecode.swift; path = TaskFiles.swift; sourceTree = "<group>"; };
/* End PBXFileReference section */

/* Begin PBXFrameworksBuildPhase section */
		1D9AB3DE243BFDEF00AB2FFA /* Frameworks */ = {
			isa = PBXFrameworksBuildPhase;
			buildActionMask = 2147483647;
			files = (
			);
			runOnlyForDeploymentPostprocessing = 0;
		};
		1D9AB3F4243BFDF200AB2FFA /* Frameworks */ = {
			isa = PBXFrameworksBuildPhase;
			buildActionMask = 2147483647;
			files = (
			);
			runOnlyForDeploymentPostprocessing = 0;
		};
		1D9AB3FF243BFDF200AB2FFA /* Frameworks */ = {
			isa = PBXFrameworksBuildPhase;
			buildActionMask = 2147483647;
			files = (
			);
			runOnlyForDeploymentPostprocessing = 0;
		};
/* End PBXFrameworksBuildPhase section */

/* Begin PBXGroup section */
		1D9AB3D8243BFDEF00AB2FFA = {
			isa = PBXGroup;
			children = (
				1D9AB3E3243BFDEF00AB2FFA /* ToDoApp */,
				1D9AB3FA243BFDF200AB2FFA /* ToDoAppTests */,
				1D9AB405243BFDF200AB2FFA /* ToDoAppUITests */,
				1D9AB3E2243BFDEF00AB2FFA /* Products */,
			);
			sourceTree = "<group>";
		};
		1D9AB3E2243BFDEF00AB2FFA /* Products */ = {
			isa = PBXGroup;
			children = (
				1D9AB3E1243BFDEF00AB2FFA /* ToDoApp.app */,
				1D9AB3F7243BFDF200AB2FFA /* ToDoAppTests.xctest */,
				1D9AB402243BFDF200AB2FFA /* ToDoAppUITests.xctest */,
			);
			name = Products;
			sourceTree = "<group>";
		};
		1D9AB3E3243BFDEF00AB2FFA /* ToDoApp */ = {
			isa = PBXGroup;
			children = (
				1D9AB3E4243BFDEF00AB2FFA /* AppDelegate.swift */,
				1D9AB3E6243BFDEF00AB2FFA /* SceneDelegate.swift */,
				1D9AB3E8243BFDEF00AB2FFA /* ContentView.swift */,
				1D9AB41A243C010100AB2FFA /* TaskFiles.swift */,
				1D9AB3EA243BFDF200AB2FFA /* Assets.xcassets */,
				1D9AB3EF243BFDF200AB2FFA /* LaunchScreen.storyboard */,
				1D9AB3F2243BFDF200AB2FFA /* Info.plist */,
				1D9AB3EC243BFDF200AB2FFA /* Preview Content */,
			);
			path = ToDoApp;
			sourceTree = "<group>";
		};
		1D9AB3EC243BFDF200AB2FFA /* Preview Content */ = {
			isa = PBXGroup;
			children = (
				1D9AB3ED243BFDF200AB2FFA /* Preview Assets.xcassets */,
			);
			path = "Preview Content";
			sourceTree = "<group>";
		};
		1D9AB3FA243BFDF200AB2FFA /* ToDoAppTests */ = {
			isa = PBXGroup;
			children = (
				1D9AB3FB243BFDF200AB2FFA /* ToDoAppTests.swift */,
				1D9AB3FD243BFDF200AB2FFA /* Info.plist */,
			);
			path = ToDoAppTests;
			sourceTree = "<group>";
		};
		1D9AB405243BFDF200AB2FFA /* ToDoAppUITests */ = {
			isa = PBXGroup;
			children = (
				1D9AB406243BFDF200AB2FFA /* ToDoAppUITests.swift */,
				1D9AB408243BFDF200AB2FFA /* Info.plist */,
			);
			path = ToDoAppUITests;
			sourceTree = "<group>";
		};
/* End PBXGroup section */

/* Begin PBXNativeTarget section */
		1D9AB3E0243BFDEF00AB2FFA /* ToDoApp */ = {
			isa = PBXNativeTarget;
			buildConfigurationList = 1D9AB40B243BFDF200AB2FFA /* Build configuration list for PBXNativeTarget "ToDoApp" */;
			buildPhases = (
				1D9AB3DD243BFDEF00AB2FFA /* Sources */,
				1D9AB3DE243BFDEF00AB2FFA /* Frameworks */,
				1D9AB3DF243BFDEF00AB2FFA /* Resources */,
			);
			buildRules = (
			);
			dependencies = (
			);
			name = ToDoApp;
			productName = ToDoApp;
			productReference = 1D9AB3E1243BFDEF00AB2FFA /* ToDoApp.app */;
			productType = "com.apple.product-type.application";
		};
		1D9AB3F6243BFDF200AB2FFA /* ToDoAppTests */ = {
			isa = PBXNativeTarget;
			buildConfigurationList = 1D9AB40E243BFDF200AB2FFA /* Build configuration list for PBXNativeTarget "ToDoAppTests" */;
			buildPhases = (
				1D9AB3F3243BFDF200AB2FFA /* Sources */,
				1D9AB3F4243BFDF200AB2FFA /* Frameworks */,
				1D9AB3F5243BFDF200AB2FFA /* Resources */,
			);
			buildRules = (
			);
			dependencies = (
				1D9AB3F9243BFDF200AB2FFA /* PBXTargetDependency */,
			);
			name = ToDoAppTests;
			productName = ToDoAppTests;
			productReference = 1D9AB3F7243BFDF200AB2FFA /* ToDoAppTests.xctest */;
			productType = "com.apple.product-type.bundle.unit-test";
		};
		1D9AB401243BFDF200AB2FFA /* ToDoAppUITests */ = {
			isa = PBXNativeTarget;
			buildConfigurationList = 1D9AB411243BFDF200AB2FFA /* Build configuration list for PBXNativeTarget "ToDoAppUITests" */;
			buildPhases = (
				1D9AB3FE243BFDF200AB2FFA /* Sources */,
				1D9AB3FF243BFDF200AB2FFA /* Frameworks */,
				1D9AB400243BFDF200AB2FFA /* Resources */,
			);
			buildRules = (
			);
			dependencies = (
				1D9AB404243BFDF200AB2FFA /* PBXTargetDependency */,
			);
			name = ToDoAppUITests;
			productName = ToDoAppUITests;
			productReference = 1D9AB402243BFDF200AB2FFA /* ToDoAppUITests.xctest */;
			productType = "com.apple.product-type.bundle.ui-testing";
		};
/* End PBXNativeTarget section */

/* Begin PBXProject section */
		1D9AB3D9243BFDEF00AB2FFA /* Project object */ = {
			isa = PBXProject;
			attributes = {
				LastSwiftUpdateCheck = 1140;
				LastUpgradeCheck = 1140;
				ORGANIZATIONNAME = "Davidson Family";
				TargetAttributes = {
					1D9AB3E0243BFDEF00AB2FFA = {
						CreatedOnToolsVersion = 11.4;
					};
					1D9AB3F6243BFDF200AB2FFA = {
						CreatedOnToolsVersion = 11.4;
						TestTargetID = 1D9AB3E0243BFDEF00AB2FFA;
					};
					1D9AB401243BFDF200AB2FFA = {
						CreatedOnToolsVersion = 11.4;
						TestTargetID = 1D9AB3E0243BFDEF00AB2FFA;
					};
				};
			};
			buildConfigurationList = 1D9AB3DC243BFDEF00AB2FFA /* Build configuration list for PBXProject "ToDoApp" */;
			compatibilityVersion = "Xcode 9.3";
			developmentRegion = en;
			hasScannedForEncodings = 0;
			knownRegions = (
				en,
				Base,
			);
			mainGroup = 1D9AB3D8243BFDEF00AB2FFA;
			productRefGroup = 1D9AB3E2243BFDEF00AB2FFA /* Products */;
			projectDirPath = "";
			projectRoot = "";
			targets = (
				1D9AB3E0243BFDEF00AB2FFA /* ToDoApp */,
				1D9AB3F6243BFDF200AB2FFA /* ToDoAppTests */,
				1D9AB401243BFDF200AB2FFA /* ToDoAppUITests */,
			);
		};
/* End PBXProject section */

/* Begin PBXResourcesBuildPhase section */
		1D9AB3DF243BFDEF00AB2FFA /* Resources */ = {
			isa = PBXResourcesBuildPhase;
			buildActionMask = 2147483647;
			files = (
				1D9AB3F1243BFDF200AB2FFA /* LaunchScreen.storyboard in Resources */,
				1D9AB3EE243BFDF200AB2FFA /* Preview Assets.xcassets in Resources */,
				1D9AB3EB243BFDF200AB2FFA /* Assets.xcassets in Resources */,
			);
			runOnlyForDeploymentPostprocessing = 0;
		};
		1D9AB3F5243BFDF200AB2FFA /* Resources */ = {
			isa = PBXResourcesBuildPhase;
			buildActionMask = 2147483647;
			files = (
			);
			runOnlyForDeploymentPostprocessing = 0;
		};
		1D9AB400243BFDF200AB2FFA /* Resources */ = {
			isa = PBXResourcesBuildPhase;
			buildActionMask = 2147483647;
			files = (
			);
			runOnlyForDeploymentPostprocessing = 0;
		};
/* End PBXResourcesBuildPhase section */

/* Begin PBXSourcesBuildPhase section */
		1D9AB3DD243BFDEF00AB2FFA /* Sources */ = {
			isa = PBXSourcesBuildPhase;
			buildActionMask = 2147483647;
			files = (
				1D9AB3E5243BFDEF00AB2FFA /* AppDelegate.swift in Sources */,
				1D9AB41B243C010100AB2FFA /* TaskFiles.swift in Sources */,
				1D9AB3E7243BFDEF00AB2FFA /* SceneDelegate.swift in Sources */,
				1D9AB3E9243BFDEF00AB2FFA /* ContentView.swift in Sources */,
			);
			runOnlyForDeploymentPostprocessing = 0;
		};
		1D9AB3F3243BFDF200AB2FFA /* Sources */ = {
			isa = PBXSourcesBuildPhase;
			buildActionMask = 2147483647;
			files = (
				1D9AB3FC243BFDF200AB2FFA /* ToDoAppTests.swift in Sources */,
			);
			runOnlyForDeploymentPostprocessing = 0;
		};
		1D9AB3FE243BFDF200AB2FFA /* Sources */ = {
			isa = PBXSourcesBuildPhase;
			buildActionMask = 2147483647;
			files = (
				1D9AB407243BFDF200AB2FFA /* ToDoAppUITests.swift in Sources */,
			);
			runOnlyForDeploymentPostprocessing = 0;
		};
/* End PBXSourcesBuildPhase section */

/* Begin PBXTargetDependency section */
		1D9AB3F9243BFDF200AB2FFA /* PBXTargetDependency */ = {
			isa = PBXTargetDependency;
			target = 1D9AB3E0243BFDEF00AB2FFA /* ToDoApp */;
			targetProxy = 1D9AB3F8243BFDF200AB2FFA /* PBXContainerItemProxy */;
		};
		1D9AB404243BFDF200AB2FFA /* PBXTargetDependency */ = {
			isa = PBXTargetDependency;
			target = 1D9AB3E0243BFDEF00AB2FFA /* ToDoApp */;
			targetProxy = 1D9AB403243BFDF200AB2FFA /* PBXContainerItemProxy */;
		};
/* End PBXTargetDependency section */

/* Begin PBXVariantGroup section */
		1D9AB3EF243BFDF200AB2FFA /* LaunchScreen.storyboard */ = {
			isa = PBXVariantGroup;
			children = (
				1D9AB3F0243BFDF200AB2FFA /* Base */,
			);
			name = LaunchScreen.storyboard;
			sourceTree = "<group>";
		};
/* End PBXVariantGroup section */

/* Begin XCBuildConfiguration section */
		1D9AB409243BFDF200AB2FFA /* Debug */ = {
			isa = XCBuildConfiguration;
			buildSettings = {
				ALWAYS_SEARCH_USER_PATHS = NO;
				CLANG_ANALYZER_NONNULL = YES;
				CLANG_ANALYZER_NUMBER_OBJECT_CONVERSION = YES_AGGRESSIVE;
				CLANG_CXX_LANGUAGE_STANDARD = "gnu++14";
				CLANG_CXX_LIBRARY = "libc++";
				CLANG_ENABLE_MODULES = YES;
				CLANG_ENABLE_OBJC_ARC = YES;
				CLANG_ENABLE_OBJC_WEAK = YES;
				CLANG_WARN_BLOCK_CAPTURE_AUTORELEASING = YES;
				CLANG_WARN_BOOL_CONVERSION = YES;
				CLANG_WARN_COMMA = YES;
				CLANG_WARN_CONSTANT_CONVERSION = YES;
				CLANG_WARN_DEPRECATED_OBJC_IMPLEMENTATIONS = YES;
				CLANG_WARN_DIRECT_OBJC_ISA_USAGE = YES_ERROR;
				CLANG_WARN_DOCUMENTATION_COMMENTS = YES;
				CLANG_WARN_EMPTY_BODY = YES;
				CLANG_WARN_ENUM_CONVERSION = YES;
				CLANG_WARN_INFINITE_RECURSION = YES;
				CLANG_WARN_INT_CONVERSION = YES;
				CLANG_WARN_NON_LITERAL_NULL_CONVERSION = YES;
				CLANG_WARN_OBJC_IMPLICIT_RETAIN_SELF = YES;
				CLANG_WARN_OBJC_LITERAL_CONVERSION = YES;
				CLANG_WARN_OBJC_ROOT_CLASS = YES_ERROR;
				CLANG_WARN_RANGE_LOOP_ANALYSIS = YES;
				CLANG_WARN_STRICT_PROTOTYPES = YES;
				CLANG_WARN_SUSPICIOUS_MOVE = YES;
				CLANG_WARN_UNGUARDED_AVAILABILITY = YES_AGGRESSIVE;
				CLANG_WARN_UNREACHABLE_CODE = YES;
				CLANG_WARN__DUPLICATE_METHOD_MATCH = YES;
				COPY_PHASE_STRIP = NO;
				DEBUG_INFORMATION_FORMAT = dwarf;
				ENABLE_STRICT_OBJC_MSGSEND = YES;
				ENABLE_TESTABILITY = YES;
				GCC_C_LANGUAGE_STANDARD = gnu11;
				GCC_DYNAMIC_NO_PIC = NO;
				GCC_NO_COMMON_BLOCKS = YES;
				GCC_OPTIMIZATION_LEVEL = 0;
				GCC_PREPROCESSOR_DEFINITIONS = (
					"DEBUG=1",
					"$(inherited)",
				);
				GCC_WARN_64_TO_32_BIT_CONVERSION = YES;
				GCC_WARN_ABOUT_RETURN_TYPE = YES_ERROR;
				GCC_WARN_UNDECLARED_SELECTOR = YES;
				GCC_WARN_UNINITIALIZED_AUTOS = YES_AGGRESSIVE;
				GCC_WARN_UNUSED_FUNCTION = YES;
				GCC_WARN_UNUSED_VARIABLE = YES;
				IPHONEOS_DEPLOYMENT_TARGET = 13.4;
				MTL_ENABLE_DEBUG_INFO = INCLUDE_SOURCE;
				MTL_FAST_MATH = YES;
				ONLY_ACTIVE_ARCH = YES;
				SDKROOT = iphoneos;
				SWIFT_ACTIVE_COMPILATION_CONDITIONS = DEBUG;
				SWIFT_OPTIMIZATION_LEVEL = "-Onone";
			};
			name = Debug;
		};
		1D9AB40A243BFDF200AB2FFA /* Release */ = {
			isa = XCBuildConfiguration;
			buildSettings = {
				ALWAYS_SEARCH_USER_PATHS = NO;
				CLANG_ANALYZER_NONNULL = YES;
				CLANG_ANALYZER_NUMBER_OBJECT_CONVERSION = YES_AGGRESSIVE;
				CLANG_CXX_LANGUAGE_STANDARD = "gnu++14";
				CLANG_CXX_LIBRARY = "libc++";
				CLANG_ENABLE_MODULES = YES;
				CLANG_ENABLE_OBJC_ARC = YES;
				CLANG_ENABLE_OBJC_WEAK = YES;
				CLANG_WARN_BLOCK_CAPTURE_AUTORELEASING = YES;
				CLANG_WARN_BOOL_CONVERSION = YES;
				CLANG_WARN_COMMA = YES;
				CLANG_WARN_CONSTANT_CONVERSION = YES;
				CLANG_WARN_DEPRECATED_OBJC_IMPLEMENTATIONS = YES;
				CLANG_WARN_DIRECT_OBJC_ISA_USAGE = YES_ERROR;
				CLANG_WARN_DOCUMENTATION_COMMENTS = YES;
				CLANG_WARN_EMPTY_BODY = YES;
				CLANG_WARN_ENUM_CONVERSION = YES;
				CLANG_WARN_INFINITE_RECURSION = YES;
				CLANG_WARN_INT_CONVERSION = YES;
				CLANG_WARN_NON_LITERAL_NULL_CONVERSION = YES;
				CLANG_WARN_OBJC_IMPLICIT_RETAIN_SELF = YES;
				CLANG_WARN_OBJC_LITERAL_CONVERSION = YES;
				CLANG_WARN_OBJC_ROOT_CLASS = YES_ERROR;
				CLANG_WARN_RANGE_LOOP_ANALYSIS = YES;
				CLANG_WARN_STRICT_PROTOTYPES = YES;
				CLANG_WARN_SUSPICIOUS_MOVE = YES;
				CLANG_WARN_UNGUARDED_AVAILABILITY = YES_AGGRESSIVE;
				CLANG_WARN_UNREACHABLE_CODE = YES;
				CLANG_WARN__DUPLICATE_METHOD_MATCH = YES;
				COPY_PHASE_STRIP = NO;
				DEBUG_INFORMATION_FORMAT = "dwarf-with-dsym";
				ENABLE_NS_ASSERTIONS = NO;
				ENABLE_STRICT_OBJC_MSGSEND = YES;
				GCC_C_LANGUAGE_STANDARD = gnu11;
				GCC_NO_COMMON_BLOCKS = YES;
				GCC_WARN_64_TO_32_BIT_CONVERSION = YES;
				GCC_WARN_ABOUT_RETURN_TYPE = YES_ERROR;
				GCC_WARN_UNDECLARED_SELECTOR = YES;
				GCC_WARN_UNINITIALIZED_AUTOS = YES_AGGRESSIVE;
				GCC_WARN_UNUSED_FUNCTION = YES;
				GCC_WARN_UNUSED_VARIABLE = YES;
				IPHONEOS_DEPLOYMENT_TARGET = 13.4;
				MTL_ENABLE_DEBUG_INFO = NO;
				MTL_FAST_MATH = YES;
				SDKROOT = iphoneos;
				SWIFT_COMPILATION_MODE = wholemodule;
				SWIFT_OPTIMIZATION_LEVEL = "-O";
				VALIDATE_PRODUCT = YES;
			};
			name = Release;
		};
		1D9AB40C243BFDF200AB2FFA /* Debug */ = {
			isa = XCBuildConfiguration;
			buildSettings = {
				ASSETCATALOG_COMPILER_APPICON_NAME = AppIcon;
				CODE_SIGN_STYLE = Automatic;
				DEVELOPMENT_ASSET_PATHS = "\"ToDoApp/Preview Content\"";
				DEVELOPMENT_TEAM = G4K3J435AS;
				ENABLE_PREVIEWS = YES;
				INFOPLIST_FILE = ToDoApp/Info.plist;
				LD_RUNPATH_SEARCH_PATHS = (
					"$(inherited)",
					"@executable_path/Frameworks",
				);
				PRODUCT_BUNDLE_IDENTIFIER = test.ToDoApp;
				PRODUCT_NAME = "$(TARGET_NAME)";
				SWIFT_VERSION = 5.0;
				TARGETED_DEVICE_FAMILY = "1,2";
			};
			name = Debug;
		};
		1D9AB40D243BFDF200AB2FFA /* Release */ = {
			isa = XCBuildConfiguration;
			buildSettings = {
				ASSETCATALOG_COMPILER_APPICON_NAME = AppIcon;
				CODE_SIGN_STYLE = Automatic;
				DEVELOPMENT_ASSET_PATHS = "\"ToDoApp/Preview Content\"";
				DEVELOPMENT_TEAM = G4K3J435AS;
				ENABLE_PREVIEWS = YES;
				INFOPLIST_FILE = ToDoApp/Info.plist;
				LD_RUNPATH_SEARCH_PATHS = (
					"$(inherited)",
					"@executable_path/Frameworks",
				);
				PRODUCT_BUNDLE_IDENTIFIER = test.ToDoApp;
				PRODUCT_NAME = "$(TARGET_NAME)";
				SWIFT_VERSION = 5.0;
				TARGETED_DEVICE_FAMILY = "1,2";
			};
			name = Release;
		};
		1D9AB40F243BFDF200AB2FFA /* Debug */ = {
			isa = XCBuildConfiguration;
			buildSettings = {
				ALWAYS_EMBED_SWIFT_STANDARD_LIBRARIES = YES;
				BUNDLE_LOADER = "$(TEST_HOST)";
				CODE_SIGN_STYLE = Automatic;
				DEVELOPMENT_TEAM = G4K3J435AS;
				INFOPLIST_FILE = ToDoAppTests/Info.plist;
				IPHONEOS_DEPLOYMENT_TARGET = 13.4;
				LD_RUNPATH_SEARCH_PATHS = (
					"$(inherited)",
					"@executable_path/Frameworks",
					"@loader_path/Frameworks",
				);
				PRODUCT_BUNDLE_IDENTIFIER = test.ToDoAppTests;
				PRODUCT_NAME = "$(TARGET_NAME)";
				SWIFT_VERSION = 5.0;
				TARGETED_DEVICE_FAMILY = "1,2";
				TEST_HOST = "$(BUILT_PRODUCTS_DIR)/ToDoApp.app/ToDoApp";
			};
			name = Debug;
		};
		1D9AB410243BFDF200AB2FFA /* Release */ = {
			isa = XCBuildConfiguration;
			buildSettings = {
				ALWAYS_EMBED_SWIFT_STANDARD_LIBRARIES = YES;
				BUNDLE_LOADER = "$(TEST_HOST)";
				CODE_SIGN_STYLE = Automatic;
				DEVELOPMENT_TEAM = G4K3J435AS;
				INFOPLIST_FILE = ToDoAppTests/Info.plist;
				IPHONEOS_DEPLOYMENT_TARGET = 13.4;
				LD_RUNPATH_SEARCH_PATHS = (
					"$(inherited)",
					"@executable_path/Frameworks",
					"@loader_path/Frameworks",
				);
				PRODUCT_BUNDLE_IDENTIFIER = test.ToDoAppTests;
				PRODUCT_NAME = "$(TARGET_NAME)";
				SWIFT_VERSION = 5.0;
				TARGETED_DEVICE_FAMILY = "1,2";
				TEST_HOST = "$(BUILT_PRODUCTS_DIR)/ToDoApp.app/ToDoApp";
			};
			name = Release;
		};
		1D9AB412243BFDF200AB2FFA /* Debug */ = {
			isa = XCBuildConfiguration;
			buildSettings = {
				ALWAYS_EMBED_SWIFT_STANDARD_LIBRARIES = YES;
				CODE_SIGN_STYLE = Automatic;
				DEVELOPMENT_TEAM = G4K3J435AS;
				INFOPLIST_FILE = ToDoAppUITests/Info.plist;
				LD_RUNPATH_SEARCH_PATHS = (
					"$(inherited)",
					"@executable_path/Frameworks",
					"@loader_path/Frameworks",
				);
				PRODUCT_BUNDLE_IDENTIFIER = test.ToDoAppUITests;
				PRODUCT_NAME = "$(TARGET_NAME)";
				SWIFT_VERSION = 5.0;
				TARGETED_DEVICE_FAMILY = "1,2";
				TEST_TARGET_NAME = ToDoApp;
			};
			name = Debug;
		};
		1D9AB413243BFDF200AB2FFA /* Release */ = {
			isa = XCBuildConfiguration;
			buildSettings = {
				ALWAYS_EMBED_SWIFT_STANDARD_LIBRARIES = YES;
				CODE_SIGN_STYLE = Automatic;
				DEVELOPMENT_TEAM = G4K3J435AS;
				INFOPLIST_FILE = ToDoAppUITests/Info.plist;
				LD_RUNPATH_SEARCH_PATHS = (
					"$(inherited)",
					"@executable_path/Frameworks",
					"@loader_path/Frameworks",
				);
				PRODUCT_BUNDLE_IDENTIFIER = test.ToDoAppUITests;
				PRODUCT_NAME = "$(TARGET_NAME)";
				SWIFT_VERSION = 5.0;
				TARGETED_DEVICE_FAMILY = "1,2";
				TEST_TARGET_NAME = ToDoApp;
			};
			name = Release;
		};
/* End XCBuildConfiguration section */

/* Begin XCConfigurationList section */
		1D9AB3DC243BFDEF00AB2FFA /* Build configuration list for PBXProject "ToDoApp" */ = {
			isa = XCConfigurationList;
			buildConfigurations = (
				1D9AB409243BFDF200AB2FFA /* Debug */,
				1D9AB40A243BFDF200AB2FFA /* Release */,
			);
			defaultConfigurationIsVisible = 0;
			defaultConfigurationName = Release;
		};
		1D9AB40B243BFDF200AB2FFA /* Build configuration list for PBXNativeTarget "ToDoApp" */ = {
			isa = XCConfigurationList;
			buildConfigurations = (
				1D9AB40C243BFDF200AB2FFA /* Debug */,
				1D9AB40D243BFDF200AB2FFA /* Release */,
			);
			defaultConfigurationIsVisible = 0;
			defaultConfigurationName = Release;
		};
		1D9AB40E243BFDF200AB2FFA /* Build configuration list for PBXNativeTarget "ToDoAppTests" */ = {
			isa = XCConfigurationList;
			buildConfigurations = (
				1D9AB40F243BFDF200AB2FFA /* Debug */,
				1D9AB410243BFDF200AB2FFA /* Release */,
			);
			defaultConfigurationIsVisible = 0;
			defaultConfigurationName = Release;
		};
		1D9AB411243BFDF200AB2FFA /* Build configuration list for PBXNativeTarget "ToDoAppUITests" */ = {
			isa = XCConfigurationList;
			buildConfigurations = (
				1D9AB412243BFDF200AB2FFA /* Debug */,
				1D9AB413243BFDF200AB2FFA /* Release */,
			);
			defaultConfigurationIsVisible = 0;
			defaultConfigurationName = Release;
		};
/* End XCConfigurationList section */
	};
	rootObject = 1D9AB3D9243BFDEF00AB2FFA /* Project object */;
}
